
Microsoft Visual Studio Solution File, Format Version 12.00
# Visual Studio 2012
Project("{8BC9CEB8-8B4A-11D0-8D11-00A0C91BC942}") = "Grid", "..\Shape1\Shape1\Shape1.vcxproj", "{C55F22F4-4B5A-4693-AFAB-9E1204034B46}"
EndProject
Project("{8BC9CEB8-8B4A-11D0-8D11-00A0C91BC942}") = "Transform_rotation", "..\Transform_rotation\Transform_rotation.vcxproj", "{EFB5188C-5572-441E-9D86-4F9C076BACF5}"
EndProject
Project("{8BC9CEB8-8B4A-11D0-8D11-00A0C91BC942}") = "Cube", "Cube\Cube.vcxproj", "{25EB48A0-4549-414C-B80C-F69248920415}"
EndProject
Global
	GlobalSection(SolutionConfigurationPlatforms) = preSolution
		Debug|Win32 = Debug|Win32
		Release|Win32 = Release|Win32
	EndGlobalSection
	GlobalSection(ProjectConfigurationPlatforms) = postSolution
		{C55F22F4-4B5A-4693-AFAB-9E1204034B46}.Debug|Win32.ActiveCfg = Debug|Win32
		{C55F22F4-4B5A-4693-AFAB-9E1204034B46}.Debug|Win32.Build.0 = Debug|Win32
		{C55F22F4-4B5A-4693-AFAB-9E1204034B46}.Release|Win32.ActiveCfg = Release|Win32
		{C55F22F4-4B5A-4693-AFAB-9E1204034B46}.Release|Win32.Build.0 = Release|Win32
		{EFB5188C-5572-441E-9D86-4F9C076BACF5}.Debug|Win32.ActiveCfg = Debug|Win32
		{EFB5188C-5572-441E-9D86-4F9C076BACF5}.Debug|Win32.Build.0 = Debug|Win32
		{EFB5188C-5572-441E-9D86-4F9C076BACF5}.Release|Win32.ActiveCfg = Release|Win32
		{EFB5188C-5572-441E-9D86-4F9C076BACF5}.Release|Win32.Build.0 = Release|Win32
		{25EB48A0-4549-414C-B80C-F69248920415}.Debug|Win32.ActiveCfg = Debug|Win32
		{25EB48A0-4549-414C-B80C-F69248920415}.Debug|Win32.Build.0 = Debug|Win32
		{25EB48A0-4549-414C-B80C-F69248920415}.Release|Win32.ActiveCfg = Release|Win32
		{25EB48A0-4549-414C-B80C-F69248920415}.Release|Win32.Build.0 = Release|Win32
	EndGlobalSection
	GlobalSection(SolutionProperties) = preSolution
		HideSolutionNode = FALSE
	EndGlobalSection
EndGlobal
