
Microsoft Visual Studio Solution File, Format Version 12.00
# Visual Studio 2012
Project("{8BC9CEB8-8B4A-11D0-8D11-00A0C91BC942}") = "Lab 1 - Sphere", "Sphere\Sphere.vcxproj", "{D2363A66-3B6F-4D3F-A216-CF48520AB556}"
EndProject
Project("{8BC9CEB8-8B4A-11D0-8D11-00A0C91BC942}") = "Textures", "Textures\Textures.vcxproj", "{FE4FD9FE-3199-432D-8160-2B81ECAFBBEF}"
EndProject
Project("{8BC9CEB8-8B4A-11D0-8D11-00A0C91BC942}") = "Lab 3 - Gift Wrapper", "Lab 3 - Gift Wrapper\Lab 3 - Gift Wrapper.vcxproj", "{CBA36EDD-F762-4DDF-9E06-F550338B6131}"
EndProject
Global
	GlobalSection(SolutionConfigurationPlatforms) = preSolution
		Debug|Win32 = Debug|Win32
		Release|Win32 = Release|Win32
	EndGlobalSection
	GlobalSection(ProjectConfigurationPlatforms) = postSolution
		{D2363A66-3B6F-4D3F-A216-CF48520AB556}.Debug|Win32.ActiveCfg = Debug|Win32
		{D2363A66-3B6F-4D3F-A216-CF48520AB556}.Debug|Win32.Build.0 = Debug|Win32
		{D2363A66-3B6F-4D3F-A216-CF48520AB556}.Release|Win32.ActiveCfg = Release|Win32
		{D2363A66-3B6F-4D3F-A216-CF48520AB556}.Release|Win32.Build.0 = Release|Win32
		{FE4FD9FE-3199-432D-8160-2B81ECAFBBEF}.Debug|Win32.ActiveCfg = Debug|Win32
		{FE4FD9FE-3199-432D-8160-2B81ECAFBBEF}.Debug|Win32.Build.0 = Debug|Win32
		{FE4FD9FE-3199-432D-8160-2B81ECAFBBEF}.Release|Win32.ActiveCfg = Release|Win32
		{FE4FD9FE-3199-432D-8160-2B81ECAFBBEF}.Release|Win32.Build.0 = Release|Win32
		{CBA36EDD-F762-4DDF-9E06-F550338B6131}.Debug|Win32.ActiveCfg = Debug|Win32
		{CBA36EDD-F762-4DDF-9E06-F550338B6131}.Debug|Win32.Build.0 = Debug|Win32
		{CBA36EDD-F762-4DDF-9E06-F550338B6131}.Release|Win32.ActiveCfg = Release|Win32
		{CBA36EDD-F762-4DDF-9E06-F550338B6131}.Release|Win32.Build.0 = Release|Win32
	EndGlobalSection
	GlobalSection(SolutionProperties) = preSolution
		HideSolutionNode = FALSE
	EndGlobalSection
	GlobalSection(Performance) = preSolution
		HasPerformanceSessions = true
	EndGlobalSection
EndGlobal
